
Microsoft Visual Studio Solution File, Format Version 12.00
# Visual Studio 15
VisualStudioVersion = 15.0.26730.15
MinimumVisualStudioVersion = 10.0.40219.1
Project("{FAE04EC0-301F-11D3-BF4B-00C04F79EFBC}") = "Ann", "Ann\Ann.csproj", "{A2D83BE5-E63F-4C97-B470-EB001737BF37}"
EndProject
Global
	GlobalSection(SolutionConfigurationPlatforms) = preSolution
		Debug|Any CPU = Debug|Any CPU
		Release|Any CPU = Release|Any CPU
	EndGlobalSection
	GlobalSection(ProjectConfigurationPlatforms) = postSolution
		{A2D83BE5-E63F-4C97-B470-EB001737BF37}.Debug|Any CPU.ActiveCfg = Debug|Any CPU
		{A2D83BE5-E63F-4C97-B470-EB001737BF37}.Debug|Any CPU.Build.0 = Debug|Any CPU
		{A2D83BE5-E63F-4C97-B470-EB001737BF37}.Release|Any CPU.ActiveCfg = Release|Any CPU
		{A2D83BE5-E63F-4C97-B470-EB001737BF37}.Release|Any CPU.Build.0 = Release|Any CPU
	EndGlobalSection
	GlobalSection(SolutionProperties) = preSolution
		HideSolutionNode = FALSE
	EndGlobalSection
	GlobalSection(ExtensibilityGlobals) = postSolution
		SolutionGuid = {57260FA5-50DB-4FE4-A019-183DE2B28A17}
	EndGlobalSection
EndGlobal
